
Microsoft Visual Studio Solution File, Format Version 12.00
# Visual Studio Version 16
VisualStudioVersion = 16.0.29806.167
MinimumVisualStudioVersion = 10.0.40219.1
Project("{FAE04EC0-301F-11D3-BF4B-00C04F79EFBC}") = "UI", "UI\UI.csproj", "{045DEF57-E6B6-41DD-A16E-BE036BF1E1F3}"
EndProject
Project("{FAE04EC0-301F-11D3-BF4B-00C04F79EFBC}") = "DAL", "DAL\DAL.csproj", "{D55AADC6-E14C-4A63-8578-D95A3B3031B6}"
EndProject
Project("{FAE04EC0-301F-11D3-BF4B-00C04F79EFBC}") = "Model", "Model\Model.csproj", "{33E3F473-9E82-4223-B1F8-20C125E10951}"
EndProject
Project("{FAE04EC0-301F-11D3-BF4B-00C04F79EFBC}") = "Logic", "Logic\Logic.csproj", "{15A880CE-06C9-428D-A597-42A9BCCA217B}"
EndProject
Global
	GlobalSection(SolutionConfigurationPlatforms) = preSolution
		Debug|Any CPU = Debug|Any CPU
		Release|Any CPU = Release|Any CPU
	EndGlobalSection
	GlobalSection(ProjectConfigurationPlatforms) = postSolution
		{045DEF57-E6B6-41DD-A16E-BE036BF1E1F3}.Debug|Any CPU.ActiveCfg = Debug|Any CPU
		{045DEF57-E6B6-41DD-A16E-BE036BF1E1F3}.Debug|Any CPU.Build.0 = Debug|Any CPU
		{045DEF57-E6B6-41DD-A16E-BE036BF1E1F3}.Release|Any CPU.ActiveCfg = Release|Any CPU
		{045DEF57-E6B6-41DD-A16E-BE036BF1E1F3}.Release|Any CPU.Build.0 = Release|Any CPU
		{D55AADC6-E14C-4A63-8578-D95A3B3031B6}.Debug|Any CPU.ActiveCfg = Debug|Any CPU
		{D55AADC6-E14C-4A63-8578-D95A3B3031B6}.Debug|Any CPU.Build.0 = Debug|Any CPU
		{D55AADC6-E14C-4A63-8578-D95A3B3031B6}.Release|Any CPU.ActiveCfg = Release|Any CPU
		{D55AADC6-E14C-4A63-8578-D95A3B3031B6}.Release|Any CPU.Build.0 = Release|Any CPU
		{33E3F473-9E82-4223-B1F8-20C125E10951}.Debug|Any CPU.ActiveCfg = Debug|Any CPU
		{33E3F473-9E82-4223-B1F8-20C125E10951}.Debug|Any CPU.Build.0 = Debug|Any CPU
		{33E3F473-9E82-4223-B1F8-20C125E10951}.Release|Any CPU.ActiveCfg = Release|Any CPU
		{33E3F473-9E82-4223-B1F8-20C125E10951}.Release|Any CPU.Build.0 = Release|Any CPU
		{15A880CE-06C9-428D-A597-42A9BCCA217B}.Debug|Any CPU.ActiveCfg = Debug|Any CPU
		{15A880CE-06C9-428D-A597-42A9BCCA217B}.Debug|Any CPU.Build.0 = Debug|Any CPU
		{15A880CE-06C9-428D-A597-42A9BCCA217B}.Release|Any CPU.ActiveCfg = Release|Any CPU
		{15A880CE-06C9-428D-A597-42A9BCCA217B}.Release|Any CPU.Build.0 = Release|Any CPU
	EndGlobalSection
	GlobalSection(SolutionProperties) = preSolution
		HideSolutionNode = FALSE
	EndGlobalSection
	GlobalSection(ExtensibilityGlobals) = postSolution
		SolutionGuid = {13EBBCCA-E2FC-4358-A440-B9A8C419DBC1}
	EndGlobalSection
EndGlobal
