
Microsoft Visual Studio Solution File, Format Version 12.00
# Visual Studio Version 16
VisualStudioVersion = 16.0.29806.167
MinimumVisualStudioVersion = 10.0.40219.1
Project("{FAE04EC0-301F-11D3-BF4B-00C04F79EFBC}") = "UI", "UI\UI.csproj", "{045DEF57-E6B6-41DD-A16E-BE036BF1E1F3}"
EndProject
Project("{FAE04EC0-301F-11D3-BF4B-00C04F79EFBC}") = "ChapooDAL", "ChapooDAL\ChapooDAL.csproj", "{2D62B4BE-C710-41C2-96E3-6694923C17CB}"
EndProject
Project("{FAE04EC0-301F-11D3-BF4B-00C04F79EFBC}") = "ChapooLogic", "ChapooLogic\ChapooLogic.csproj", "{10D8A80D-EA8C-4FDD-9557-6DBCD58C42F2}"
EndProject
Project("{FAE04EC0-301F-11D3-BF4B-00C04F79EFBC}") = "ChapooModel", "ChapooModel\ChapooModel.csproj", "{E9AA1ACA-DFC9-4B63-AEBE-3C7823FED847}"
EndProject
Global
	GlobalSection(SolutionConfigurationPlatforms) = preSolution
		Debug|Any CPU = Debug|Any CPU
		Release|Any CPU = Release|Any CPU
	EndGlobalSection
	GlobalSection(ProjectConfigurationPlatforms) = postSolution
		{045DEF57-E6B6-41DD-A16E-BE036BF1E1F3}.Debug|Any CPU.ActiveCfg = Debug|Any CPU
		{045DEF57-E6B6-41DD-A16E-BE036BF1E1F3}.Debug|Any CPU.Build.0 = Debug|Any CPU
		{045DEF57-E6B6-41DD-A16E-BE036BF1E1F3}.Release|Any CPU.ActiveCfg = Release|Any CPU
		{045DEF57-E6B6-41DD-A16E-BE036BF1E1F3}.Release|Any CPU.Build.0 = Release|Any CPU
		{2D62B4BE-C710-41C2-96E3-6694923C17CB}.Debug|Any CPU.ActiveCfg = Debug|Any CPU
		{2D62B4BE-C710-41C2-96E3-6694923C17CB}.Debug|Any CPU.Build.0 = Debug|Any CPU
		{2D62B4BE-C710-41C2-96E3-6694923C17CB}.Release|Any CPU.ActiveCfg = Release|Any CPU
		{2D62B4BE-C710-41C2-96E3-6694923C17CB}.Release|Any CPU.Build.0 = Release|Any CPU
		{10D8A80D-EA8C-4FDD-9557-6DBCD58C42F2}.Debug|Any CPU.ActiveCfg = Debug|Any CPU
		{10D8A80D-EA8C-4FDD-9557-6DBCD58C42F2}.Debug|Any CPU.Build.0 = Debug|Any CPU
		{10D8A80D-EA8C-4FDD-9557-6DBCD58C42F2}.Release|Any CPU.ActiveCfg = Release|Any CPU
		{10D8A80D-EA8C-4FDD-9557-6DBCD58C42F2}.Release|Any CPU.Build.0 = Release|Any CPU
		{E9AA1ACA-DFC9-4B63-AEBE-3C7823FED847}.Debug|Any CPU.ActiveCfg = Debug|Any CPU
		{E9AA1ACA-DFC9-4B63-AEBE-3C7823FED847}.Debug|Any CPU.Build.0 = Debug|Any CPU
		{E9AA1ACA-DFC9-4B63-AEBE-3C7823FED847}.Release|Any CPU.ActiveCfg = Release|Any CPU
		{E9AA1ACA-DFC9-4B63-AEBE-3C7823FED847}.Release|Any CPU.Build.0 = Release|Any CPU
	EndGlobalSection
	GlobalSection(SolutionProperties) = preSolution
		HideSolutionNode = FALSE
	EndGlobalSection
	GlobalSection(ExtensibilityGlobals) = postSolution
		SolutionGuid = {13EBBCCA-E2FC-4358-A440-B9A8C419DBC1}
	EndGlobalSection
EndGlobal
